
Microsoft Visual Studio Solution File, Format Version 12.00
# Visual Studio Version 17
VisualStudioVersion = 17.11.35303.130
MinimumVisualStudioVersion = 10.0.40219.1
Project("{FAE04EC0-301F-11D3-BF4B-00C04F79EFBC}") = "WpfApp1", "WpfApp1.csproj", "{98D24C97-6FD3-4AAF-8C02-B16F478E0D6B}"
EndProject
Global
	GlobalSection(SolutionConfigurationPlatforms) = preSolution
		Debug|Any CPU = Debug|Any CPU
		Release|Any CPU = Release|Any CPU
	EndGlobalSection
	GlobalSection(ProjectConfigurationPlatforms) = postSolution
		{98D24C97-6FD3-4AAF-8C02-B16F478E0D6B}.Debug|Any CPU.ActiveCfg = Debug|Any CPU
		{98D24C97-6FD3-4AAF-8C02-B16F478E0D6B}.Debug|Any CPU.Build.0 = Debug|Any CPU
		{98D24C97-6FD3-4AAF-8C02-B16F478E0D6B}.Release|Any CPU.ActiveCfg = Release|Any CPU
		{98D24C97-6FD3-4AAF-8C02-B16F478E0D6B}.Release|Any CPU.Build.0 = Release|Any CPU
	EndGlobalSection
	GlobalSection(SolutionProperties) = preSolution
		HideSolutionNode = FALSE
	EndGlobalSection
	GlobalSection(ExtensibilityGlobals) = postSolution
		SolutionGuid = {2B9DEB04-AF6D-4364-B093-21A8F0A43971}
	EndGlobalSection
EndGlobal
